
Microsoft Visual Studio Solution File, Format Version 12.00
# Visual Studio Version 18
VisualStudioVersion = 18.3.11520.95
MinimumVisualStudioVersion = 10.0.40219.1
Project("{FAE04EC0-301F-11D3-BF4B-00C04F79EFBC}") = "TrafficPilot", "TrafficPilot.csproj", "{FC989534-B58F-3503-F1D9-721A7C4E5F74}"
EndProject
Project("{FAE04EC0-301F-11D3-BF4B-00C04F79EFBC}") = "Lumina.Core", "Lumina\Lumina.Core\Lumina.Core.csproj", "{2B243924-3D85-4F2B-BE07-70D701D786DB}"
EndProject
Project("{FAE04EC0-301F-11D3-BF4B-00C04F79EFBC}") = "Lumina.Forms", "Lumina\Lumina.Forms\Lumina.Forms.csproj", "{A56B0CD4-A691-4A9F-BD85-0B748D1EBC45}"
EndProject
Project("{FAE04EC0-301F-11D3-BF4B-00C04F79EFBC}") = "Lumina.Forms.Analyzers", "Lumina\Lumina.Forms.Analyzers\Lumina.Forms.Analyzers.csproj", "{35ED1496-A3E8-4522-863C-2FD6487A22DF}"
EndProject
Project("{2150E333-8FDC-42A3-9474-1A3956D46DE8}") = "解决方案项", "解决方案项", "{0E83E753-5DFA-4E96-ACC4-12F82BF0CE31}"
	ProjectSection(SolutionItems) = preProject
		.github\workflows\build-release.yml = .github\workflows\build-release.yml
		.workflow\tag-release-pipeline.yml = .workflow\tag-release-pipeline.yml
	EndProjectSection
EndProject
Global
	GlobalSection(SolutionConfigurationPlatforms) = preSolution
		Debug|Any CPU = Debug|Any CPU
		Release|Any CPU = Release|Any CPU
	EndGlobalSection
	GlobalSection(ProjectConfigurationPlatforms) = postSolution
		{FC989534-B58F-3503-F1D9-721A7C4E5F74}.Debug|Any CPU.ActiveCfg = Debug|Any CPU
		{FC989534-B58F-3503-F1D9-721A7C4E5F74}.Debug|Any CPU.Build.0 = Debug|Any CPU
		{FC989534-B58F-3503-F1D9-721A7C4E5F74}.Release|Any CPU.ActiveCfg = Release|Any CPU
		{FC989534-B58F-3503-F1D9-721A7C4E5F74}.Release|Any CPU.Build.0 = Release|Any CPU
		{2B243924-3D85-4F2B-BE07-70D701D786DB}.Debug|Any CPU.ActiveCfg = Debug|Any CPU
		{2B243924-3D85-4F2B-BE07-70D701D786DB}.Debug|Any CPU.Build.0 = Debug|Any CPU
		{2B243924-3D85-4F2B-BE07-70D701D786DB}.Release|Any CPU.ActiveCfg = Release|Any CPU
		{2B243924-3D85-4F2B-BE07-70D701D786DB}.Release|Any CPU.Build.0 = Release|Any CPU
		{A56B0CD4-A691-4A9F-BD85-0B748D1EBC45}.Debug|Any CPU.ActiveCfg = Debug|Any CPU
		{A56B0CD4-A691-4A9F-BD85-0B748D1EBC45}.Debug|Any CPU.Build.0 = Debug|Any CPU
		{A56B0CD4-A691-4A9F-BD85-0B748D1EBC45}.Release|Any CPU.ActiveCfg = Release|Any CPU
		{A56B0CD4-A691-4A9F-BD85-0B748D1EBC45}.Release|Any CPU.Build.0 = Release|Any CPU
		{35ED1496-A3E8-4522-863C-2FD6487A22DF}.Debug|Any CPU.ActiveCfg = Debug|Any CPU
		{35ED1496-A3E8-4522-863C-2FD6487A22DF}.Debug|Any CPU.Build.0 = Debug|Any CPU
		{35ED1496-A3E8-4522-863C-2FD6487A22DF}.Release|Any CPU.ActiveCfg = Release|Any CPU
		{35ED1496-A3E8-4522-863C-2FD6487A22DF}.Release|Any CPU.Build.0 = Release|Any CPU
	EndGlobalSection
	GlobalSection(SolutionProperties) = preSolution
		HideSolutionNode = FALSE
	EndGlobalSection
	GlobalSection(ExtensibilityGlobals) = postSolution
		SolutionGuid = {B4B7246E-4E65-4FC5-BE08-A118D7B09D3A}
	EndGlobalSection
EndGlobal
